
Microsoft Visual Studio Solution File, Format Version 12.00
# Visual Studio Version 17
VisualStudioVersion = 17.13.35913.81 d17.13
MinimumVisualStudioVersion = 10.0.40219.1
Project("{8BC9CEB8-8B4A-11D0-8D11-00A0C91BC942}") = "D3D11On12Issues", "D3D11On12Issues\D3D11On12Issues.vcxproj", "{9063363D-193C-4D1C-BF59-CB60FF35AC1E}"
EndProject
Global
	GlobalSection(SolutionConfigurationPlatforms) = preSolution
		Debug|x64 = Debug|x64
		Debug|x86 = Debug|x86
		Release|x64 = Release|x64
		Release|x86 = Release|x86
	EndGlobalSection
	GlobalSection(ProjectConfigurationPlatforms) = postSolution
		{9063363D-193C-4D1C-BF59-CB60FF35AC1E}.Debug|x64.ActiveCfg = Debug|x64
		{9063363D-193C-4D1C-BF59-CB60FF35AC1E}.Debug|x64.Build.0 = Debug|x64
		{9063363D-193C-4D1C-BF59-CB60FF35AC1E}.Debug|x86.ActiveCfg = Debug|Win32
		{9063363D-193C-4D1C-BF59-CB60FF35AC1E}.Debug|x86.Build.0 = Debug|Win32
		{9063363D-193C-4D1C-BF59-CB60FF35AC1E}.Release|x64.ActiveCfg = Release|x64
		{9063363D-193C-4D1C-BF59-CB60FF35AC1E}.Release|x64.Build.0 = Release|x64
		{9063363D-193C-4D1C-BF59-CB60FF35AC1E}.Release|x86.ActiveCfg = Release|Win32
		{9063363D-193C-4D1C-BF59-CB60FF35AC1E}.Release|x86.Build.0 = Release|Win32
	EndGlobalSection
	GlobalSection(SolutionProperties) = preSolution
		HideSolutionNode = FALSE
	EndGlobalSection
	GlobalSection(ExtensibilityGlobals) = postSolution
		SolutionGuid = {33BF7B84-3D4D-4DF0-B059-0C33567A91DC}
	EndGlobalSection
EndGlobal
